// !$*UTF8*$!
{
	archiveVersion = 1;
	classes = {
	};
	objectVersion = 46;
	objects = {

/* Begin PBXBuildFile section */
		186AA3211962A436004E0B37 /* Foundation.framework in Frameworks */ = {isa = PBXBuildFile; fileRef = 186AA3201962A436004E0B37 /* Foundation.framework */; };
		186AA3231962A436004E0B37 /* CoreGraphics.framework in Frameworks */ = {isa = PBXBuildFile; fileRef = 186AA3221962A436004E0B37 /* CoreGraphics.framework */; };
		186AA3251962A436004E0B37 /* UIKit.framework in Frameworks */ = {isa = PBXBuildFile; fileRef = 186AA3241962A436004E0B37 /* UIKit.framework */; };
		186AA32B1962A436004E0B37 /* InfoPlist.strings in Resources */ = {isa = PBXBuildFile; fileRef = 186AA3291962A436004E0B37 /* InfoPlist.strings */; };
		186AA32D1962A436004E0B37 /* main.m in Sources */ = {isa = PBXBuildFile; fileRef = 186AA32C1962A436004E0B37 /* main.m */; };
		186AA3311962A436004E0B37 /* AppDelegate.m in Sources */ = {isa = PBXBuildFile; fileRef = 186AA3301962A436004E0B37 /* AppDelegate.m */; };
		186AA3341962A436004E0B37 /* Main_iPhone.storyboard in Resources */ = {isa = PBXBuildFile; fileRef = 186AA3321962A436004E0B37 /* Main_iPhone.storyboard */; };
		186AA3371962A436004E0B37 /* Main_iPad.storyboard in Resources */ = {isa = PBXBuildFile; fileRef = 186AA3351962A436004E0B37 /* Main_iPad.storyboard */; };
		186AA33A1962A436004E0B37 /* ViewController.m in Sources */ = {isa = PBXBuildFile; fileRef = 186AA3391962A436004E0B37 /* ViewController.m */; };
		186AA33C1962A436004E0B37 /* Images.xcassets in Resources */ = {isa = PBXBuildFile; fileRef = 186AA33B1962A436004E0B37 /* Images.xcassets */; };
		186AA3431962A436004E0B37 /* XCTest.framework in Frameworks */ = {isa = PBXBuildFile; fileRef = 186AA3421962A436004E0B37 /* XCTest.framework */; };
		186AA3441962A436004E0B37 /* Foundation.framework in Frameworks */ = {isa = PBXBuildFile; fileRef = 186AA3201962A436004E0B37 /* Foundation.framework */; };
		186AA3451962A436004E0B37 /* UIKit.framework in Frameworks */ = {isa = PBXBuildFile; fileRef = 186AA3241962A436004E0B37 /* UIKit.framework */; };
		186AA34D1962A437004E0B37 /* InfoPlist.strings in Resources */ = {isa = PBXBuildFile; fileRef = 186AA34B1962A437004E0B37 /* InfoPlist.strings */; };
		186AA34F1962A437004E0B37 /* Quartz2DDrawDemoTests.m in Sources */ = {isa = PBXBuildFile; fileRef = 186AA34E1962A437004E0B37 /* Quartz2DDrawDemoTests.m */; };
		186AA35E1962A47A004E0B37 /* LYDrawView.m in Sources */ = {isa = PBXBuildFile; fileRef = 186AA35D1962A47A004E0B37 /* LYDrawView.m */; };
/* End PBXBuildFile section */

/* Begin PBXContainerItemProxy section */
		186AA3461962A437004E0B37 /* PBXContainerItemProxy */ = {
			isa = PBXContainerItemProxy;
			containerPortal = 186AA3151962A436004E0B37 /* Project object */;
			proxyType = 1;
			remoteGlobalIDString = 186AA31C1962A436004E0B37;
			remoteInfo = Quartz2DDrawDemo;
		};
/* End PBXContainerItemProxy section */

/* Begin PBXFileReference section */
		186AA31D1962A436004E0B37 /* Quartz2DDrawDemo.app */ = {isa = PBXFileReference; explicitFileType = wrapper.application; includeInIndex = 0; path = Quartz2DDrawDemo.app; sourceTree = BUILT_PRODUCTS_DIR; };
		186AA3201962A436004E0B37 /* Foundation.framework */ = {isa = PBXFileReference; lastKnownFileType = wrapper.framework; name = Foundation.framework; path = System/Library/Frameworks/Foundation.framework; sourceTree = SDKROOT; };
		186AA3221962A436004E0B37 /* CoreGraphics.framework */ = {isa = PBXFileReference; lastKnownFileType = wrapper.framework; name = CoreGraphics.framework; path = System/Library/Frameworks/CoreGraphics.framework; sourceTree = SDKROOT; };
		186AA3241962A436004E0B37 /* UIKit.framework */ = {isa = PBXFileReference; lastKnownFileType = wrapper.framework; name = UIKit.framework; path = System/Library/Frameworks/UIKit.framework; sourceTree = SDKROOT; };
		186AA3281962A436004E0B37 /* Quartz2DDrawDemo-Info.plist */ = {isa = PBXFileReference; lastKnownFileType = text.plist.xml; path = "Quartz2DDrawDemo-Info.plist"; sourceTree = "<group>"; };
		186AA32A1962A436004E0B37 /* en */ = {isa = PBXFileReference; lastKnownFileType = text.plist.strings; name = en; path = en.lproj/InfoPlist.strings; sourceTree = "<group>"; };
		186AA32C1962A436004E0B37 /* main.m */ = {isa = PBXFileReference; lastKnownFileType = sourcecode.c.objc; path = main.m; sourceTree = "<group>"; };
		186AA32E1962A436004E0B37 /* Quartz2DDrawDemo-Prefix.pch */ = {isa = PBXFileReference; lastKnownFileType = sourcecode.c.h; path = "Quartz2DDrawDemo-Prefix.pch"; sourceTree = "<group>"; };
		186AA32F1962A436004E0B37 /* AppDelegate.h */ = {isa = PBXFileReference; lastKnownFileType = sourcecode.c.h; path = AppDelegate.h; sourceTree = "<group>"; };
		186AA3301962A436004E0B37 /* AppDelegate.m */ = {isa = PBXFileReference; lastKnownFileType = sourcecode.c.objc; path = AppDelegate.m; sourceTree = "<group>"; };
		186AA3331962A436004E0B37 /* Base */ = {isa = PBXFileReference; lastKnownFileType = file.storyboard; name = Base; path = Base.lproj/Main_iPhone.storyboard; sourceTree = "<group>"; };
		186AA3361962A436004E0B37 /* Base */ = {isa = PBXFileReference; lastKnownFileType = file.storyboard; name = Base; path = Base.lproj/Main_iPad.storyboard; sourceTree = "<group>"; };
		186AA3381962A436004E0B37 /* ViewController.h */ = {isa = PBXFileReference; lastKnownFileType = sourcecode.c.h; path = ViewController.h; sourceTree = "<group>"; };
		186AA3391962A436004E0B37 /* ViewController.m */ = {isa = PBXFileReference; lastKnownFileType = sourcecode.c.objc; path = ViewController.m; sourceTree = "<group>"; };
		186AA33B1962A436004E0B37 /* Images.xcassets */ = {isa = PBXFileReference; lastKnownFileType = folder.assetcatalog; path = Images.xcassets; sourceTree = "<group>"; };
		186AA3411962A436004E0B37 /* Quartz2DDrawDemoTests.xctest */ = {isa = PBXFileReference; explicitFileType = wrapper.cfbundle; includeInIndex = 0; path = Quartz2DDrawDemoTests.xctest; sourceTree = BUILT_PRODUCTS_DIR; };
		186AA3421962A436004E0B37 /* XCTest.framework */ = {isa = PBXFileReference; lastKnownFileType = wrapper.framework; name = XCTest.framework; path = Library/Frameworks/XCTest.framework; sourceTree = DEVELOPER_DIR; };
		186AA34A1962A437004E0B37 /* Quartz2DDrawDemoTests-Info.plist */ = {isa = PBXFileReference; lastKnownFileType = text.plist.xml; path = "Quartz2DDrawDemoTests-Info.plist"; sourceTree = "<group>"; };
		186AA34C1962A437004E0B37 /* en */ = {isa = PBXFileReference; lastKnownFileType = text.plist.strings; name = en; path = en.lproj/InfoPlist.strings; sourceTree = "<group>"; };
		186AA34E1962A437004E0B37 /* Quartz2DDrawDemoTests.m */ = {isa = PBXFileReference; lastKnownFileType = sourcecode.c.objc; path = Quartz2DDrawDemoTests.m; sourceTree = "<group>"; };
		186AA35C1962A47A004E0B37 /* LYDrawView.h */ = {isa = PBXFileReference; fileEncoding = 4; lastKnownFileType = sourcecode.c.h; path = LYDrawView.h; sourceTree = "<group>"; };
		186AA35D1962A47A004E0B37 /* LYDrawView.m */ = {isa = PBXFileReference; fileEncoding = 4; lastKnownFileType = sourcecode.c.objc; path = LYDrawView.m; sourceTree = "<group>"; };
/* End PBXFileReference section */

/* Begin PBXFrameworksBuildPhase section */
		186AA31A1962A436004E0B37 /* Frameworks */ = {
			isa = PBXFrameworksBuildPhase;
			buildActionMask = 2147483647;
			files = (
				186AA3231962A436004E0B37 /* CoreGraphics.framework in Frameworks */,
				186AA3251962A436004E0B37 /* UIKit.framework in Frameworks */,
				186AA3211962A436004E0B37 /* Foundation.framework in Frameworks */,
			);
			runOnlyForDeploymentPostprocessing = 0;
		};
		186AA33E1962A436004E0B37 /* Frameworks */ = {
			isa = PBXFrameworksBuildPhase;
			buildActionMask = 2147483647;
			files = (
				186AA3431962A436004E0B37 /* XCTest.framework in Frameworks */,
				186AA3451962A436004E0B37 /* UIKit.framework in Frameworks */,
				186AA3441962A436004E0B37 /* Foundation.framework in Frameworks */,
			);
			runOnlyForDeploymentPostprocessing = 0;
		};
/* End PBXFrameworksBuildPhase section */

/* Begin PBXGroup section */
		186AA3141962A436004E0B37 = {
			isa = PBXGroup;
			children = (
				186AA3261962A436004E0B37 /* Quartz2DDrawDemo */,
				186AA3481962A437004E0B37 /* Quartz2DDrawDemoTests */,
				186AA31F1962A436004E0B37 /* Frameworks */,
				186AA31E1962A436004E0B37 /* Products */,
			);
			sourceTree = "<group>";
		};
		186AA31E1962A436004E0B37 /* Products */ = {
			isa = PBXGroup;
			children = (
				186AA31D1962A436004E0B37 /* Quartz2DDrawDemo.app */,
				186AA3411962A436004E0B37 /* Quartz2DDrawDemoTests.xctest */,
			);
			name = Products;
			sourceTree = "<group>";
		};
		186AA31F1962A436004E0B37 /* Frameworks */ = {
			isa = PBXGroup;
			children = (
				186AA3201962A436004E0B37 /* Foundation.framework */,
				186AA3221962A436004E0B37 /* CoreGraphics.framework */,
				186AA3241962A436004E0B37 /* UIKit.framework */,
				186AA3421962A436004E0B37 /* XCTest.framework */,
			);
			name = Frameworks;
			sourceTree = "<group>";
		};
		186AA3261962A436004E0B37 /* Quartz2DDrawDemo */ = {
			isa = PBXGroup;
			children = (
				186AA3581962A44A004E0B37 /* DrawView */,
				186AA32F1962A436004E0B37 /* AppDelegate.h */,
				186AA3301962A436004E0B37 /* AppDelegate.m */,
				186AA3321962A436004E0B37 /* Main_iPhone.storyboard */,
				186AA3351962A436004E0B37 /* Main_iPad.storyboard */,
				186AA3381962A436004E0B37 /* ViewController.h */,
				186AA3391962A436004E0B37 /* ViewController.m */,
				186AA33B1962A436004E0B37 /* Images.xcassets */,
				186AA3271962A436004E0B37 /* Supporting Files */,
			);
			path = Quartz2DDrawDemo;
			sourceTree = "<group>";
		};
		186AA3271962A436004E0B37 /* Supporting Files */ = {
			isa = PBXGroup;
			children = (
				186AA3281962A436004E0B37 /* Quartz2DDrawDemo-Info.plist */,
				186AA3291962A436004E0B37 /* InfoPlist.strings */,
				186AA32C1962A436004E0B37 /* main.m */,
				186AA32E1962A436004E0B37 /* Quartz2DDrawDemo-Prefix.pch */,
			);
			name = "Supporting Files";
			sourceTree = "<group>";
		};
		186AA3481962A437004E0B37 /* Quartz2DDrawDemoTests */ = {
			isa = PBXGroup;
			children = (
				186AA34E1962A437004E0B37 /* Quartz2DDrawDemoTests.m */,
				186AA3491962A437004E0B37 /* Supporting Files */,
			);
			path = Quartz2DDrawDemoTests;
			sourceTree = "<group>";
		};
		186AA3491962A437004E0B37 /* Supporting Files */ = {
			isa = PBXGroup;
			children = (
				186AA34A1962A437004E0B37 /* Quartz2DDrawDemoTests-Info.plist */,
				186AA34B1962A437004E0B37 /* InfoPlist.strings */,
			);
			name = "Supporting Files";
			sourceTree = "<group>";
		};
		186AA3581962A44A004E0B37 /* DrawView */ = {
			isa = PBXGroup;
			children = (
				186AA35C1962A47A004E0B37 /* LYDrawView.h */,
				186AA35D1962A47A004E0B37 /* LYDrawView.m */,
			);
			path = DrawView;
			sourceTree = "<group>";
		};
/* End PBXGroup section */

/* Begin PBXNativeTarget section */
		186AA31C1962A436004E0B37 /* Quartz2DDrawDemo */ = {
			isa = PBXNativeTarget;
			buildConfigurationList = 186AA3521962A437004E0B37 /* Build configuration list for PBXNativeTarget "Quartz2DDrawDemo" */;
			buildPhases = (
				186AA3191962A436004E0B37 /* Sources */,
				186AA31A1962A436004E0B37 /* Frameworks */,
				186AA31B1962A436004E0B37 /* Resources */,
			);
			buildRules = (
			);
			dependencies = (
			);
			name = Quartz2DDrawDemo;
			productName = Quartz2DDrawDemo;
			productReference = 186AA31D1962A436004E0B37 /* Quartz2DDrawDemo.app */;
			productType = "com.apple.product-type.application";
		};
		186AA3401962A436004E0B37 /* Quartz2DDrawDemoTests */ = {
			isa = PBXNativeTarget;
			buildConfigurationList = 186AA3551962A437004E0B37 /* Build configuration list for PBXNativeTarget "Quartz2DDrawDemoTests" */;
			buildPhases = (
				186AA33D1962A436004E0B37 /* Sources */,
				186AA33E1962A436004E0B37 /* Frameworks */,
				186AA33F1962A436004E0B37 /* Resources */,
			);
			buildRules = (
			);
			dependencies = (
				186AA3471962A437004E0B37 /* PBXTargetDependency */,
			);
			name = Quartz2DDrawDemoTests;
			productName = Quartz2DDrawDemoTests;
			productReference = 186AA3411962A436004E0B37 /* Quartz2DDrawDemoTests.xctest */;
			productType = "com.apple.product-type.bundle.unit-test";
		};
/* End PBXNativeTarget section */

/* Begin PBXProject section */
		186AA3151962A436004E0B37 /* Project object */ = {
			isa = PBXProject;
			attributes = {
				LastUpgradeCheck = 0510;
				ORGANIZATIONNAME = Liuyu;
				TargetAttributes = {
					186AA3401962A436004E0B37 = {
						TestTargetID = 186AA31C1962A436004E0B37;
					};
				};
			};
			buildConfigurationList = 186AA3181962A436004E0B37 /* Build configuration list for PBXProject "Quartz2DDrawDemo" */;
			compatibilityVersion = "Xcode 3.2";
			developmentRegion = English;
			hasScannedForEncodings = 0;
			knownRegions = (
				en,
				Base,
			);
			mainGroup = 186AA3141962A436004E0B37;
			productRefGroup = 186AA31E1962A436004E0B37 /* Products */;
			projectDirPath = "";
			projectRoot = "";
			targets = (
				186AA31C1962A436004E0B37 /* Quartz2DDrawDemo */,
				186AA3401962A436004E0B37 /* Quartz2DDrawDemoTests */,
			);
		};
/* End PBXProject section */

/* Begin PBXResourcesBuildPhase section */
		186AA31B1962A436004E0B37 /* Resources */ = {
			isa = PBXResourcesBuildPhase;
			buildActionMask = 2147483647;
			files = (
				186AA3371962A436004E0B37 /* Main_iPad.storyboard in Resources */,
				186AA33C1962A436004E0B37 /* Images.xcassets in Resources */,
				186AA3341962A436004E0B37 /* Main_iPhone.storyboard in Resources */,
				186AA32B1962A436004E0B37 /* InfoPlist.strings in Resources */,
			);
			runOnlyForDeploymentPostprocessing = 0;
		};
		186AA33F1962A436004E0B37 /* Resources */ = {
			isa = PBXResourcesBuildPhase;
			buildActionMask = 2147483647;
			files = (
				186AA34D1962A437004E0B37 /* InfoPlist.strings in Resources */,
			);
			runOnlyForDeploymentPostprocessing = 0;
		};
/* End PBXResourcesBuildPhase section */

/* Begin PBXSourcesBuildPhase section */
		186AA3191962A436004E0B37 /* Sources */ = {
			isa = PBXSourcesBuildPhase;
			buildActionMask = 2147483647;
			files = (
				186AA33A1962A436004E0B37 /* ViewController.m in Sources */,
				186AA35E1962A47A004E0B37 /* LYDrawView.m in Sources */,
				186AA3311962A436004E0B37 /* AppDelegate.m in Sources */,
				186AA32D1962A436004E0B37 /* main.m in Sources */,
			);
			runOnlyForDeploymentPostprocessing = 0;
		};
		186AA33D1962A436004E0B37 /* Sources */ = {
			isa = PBXSourcesBuildPhase;
			buildActionMask = 2147483647;
			files = (
				186AA34F1962A437004E0B37 /* Quartz2DDrawDemoTests.m in Sources */,
			);
			runOnlyForDeploymentPostprocessing = 0;
		};
/* End PBXSourcesBuildPhase section */

/* Begin PBXTargetDependency section */
		186AA3471962A437004E0B37 /* PBXTargetDependency */ = {
			isa = PBXTargetDependency;
			target = 186AA31C1962A436004E0B37 /* Quartz2DDrawDemo */;
			targetProxy = 186AA3461962A437004E0B37 /* PBXContainerItemProxy */;
		};
/* End PBXTargetDependency section */

/* Begin PBXVariantGroup section */
		186AA3291962A436004E0B37 /* InfoPlist.strings */ = {
			isa = PBXVariantGroup;
			children = (
				186AA32A1962A436004E0B37 /* en */,
			);
			name = InfoPlist.strings;
			sourceTree = "<group>";
		};
		186AA3321962A436004E0B37 /* Main_iPhone.storyboard */ = {
			isa = PBXVariantGroup;
			children = (
				186AA3331962A436004E0B37 /* Base */,
			);
			name = Main_iPhone.storyboard;
			sourceTree = "<group>";
		};
		186AA3351962A436004E0B37 /* Main_iPad.storyboard */ = {
			isa = PBXVariantGroup;
			children = (
				186AA3361962A436004E0B37 /* Base */,
			);
			name = Main_iPad.storyboard;
			sourceTree = "<group>";
		};
		186AA34B1962A437004E0B37 /* InfoPlist.strings */ = {
			isa = PBXVariantGroup;
			children = (
				186AA34C1962A437004E0B37 /* en */,
			);
			name = InfoPlist.strings;
			sourceTree = "<group>";
		};
/* End PBXVariantGroup section */

/* Begin XCBuildConfiguration section */
		186AA3501962A437004E0B37 /* Debug */ = {
			isa = XCBuildConfiguration;
			buildSettings = {
				ALWAYS_SEARCH_USER_PATHS = NO;
				CLANG_CXX_LANGUAGE_STANDARD = "gnu++0x";
				CLANG_CXX_LIBRARY = "libc++";
				CLANG_ENABLE_MODULES = YES;
				CLANG_ENABLE_OBJC_ARC = YES;
				CLANG_WARN_BOOL_CONVERSION = YES;
				CLANG_WARN_CONSTANT_CONVERSION = YES;
				CLANG_WARN_DIRECT_OBJC_ISA_USAGE = YES_ERROR;
				CLANG_WARN_EMPTY_BODY = YES;
				CLANG_WARN_ENUM_CONVERSION = YES;
				CLANG_WARN_INT_CONVERSION = YES;
				CLANG_WARN_OBJC_ROOT_CLASS = YES_ERROR;
				CLANG_WARN__DUPLICATE_METHOD_MATCH = YES;
				"CODE_SIGN_IDENTITY[sdk=iphoneos*]" = "iPhone Developer";
				COPY_PHASE_STRIP = NO;
				GCC_C_LANGUAGE_STANDARD = gnu99;
				GCC_DYNAMIC_NO_PIC = NO;
				GCC_OPTIMIZATION_LEVEL = 0;
				GCC_PREPROCESSOR_DEFINITIONS = (
					"DEBUG=1",
					"$(inherited)",
				);
				GCC_SYMBOLS_PRIVATE_EXTERN = NO;
				GCC_WARN_64_TO_32_BIT_CONVERSION = YES;
				GCC_WARN_ABOUT_RETURN_TYPE = YES_ERROR;
				GCC_WARN_UNDECLARED_SELECTOR = YES;
				GCC_WARN_UNINITIALIZED_AUTOS = YES_AGGRESSIVE;
				GCC_WARN_UNUSED_FUNCTION = YES;
				GCC_WARN_UNUSED_VARIABLE = YES;
				IPHONEOS_DEPLOYMENT_TARGET = 7.1;
				ONLY_ACTIVE_ARCH = YES;
				SDKROOT = iphoneos;
				TARGETED_DEVICE_FAMILY = "1,2";
			};
			name = Debug;
		};
		186AA3511962A437004E0B37 /* Release */ = {
			isa = XCBuildConfiguration;
			buildSettings = {
				ALWAYS_SEARCH_USER_PATHS = NO;
				CLANG_CXX_LANGUAGE_STANDARD = "gnu++0x";
				CLANG_CXX_LIBRARY = "libc++";
				CLANG_ENABLE_MODULES = YES;
				CLANG_ENABLE_OBJC_ARC = YES;
				CLANG_WARN_BOOL_CONVERSION = YES;
				CLANG_WARN_CONSTANT_CONVERSION = YES;
				CLANG_WARN_DIRECT_OBJC_ISA_USAGE = YES_ERROR;
				CLANG_WARN_EMPTY_BODY = YES;
				CLANG_WARN_ENUM_CONVERSION = YES;
				CLANG_WARN_INT_CONVERSION = YES;
				CLANG_WARN_OBJC_ROOT_CLASS = YES_ERROR;
				CLANG_WARN__DUPLICATE_METHOD_MATCH = YES;
				"CODE_SIGN_IDENTITY[sdk=iphoneos*]" = "iPhone Developer";
				COPY_PHASE_STRIP = YES;
				ENABLE_NS_ASSERTIONS = NO;
				GCC_C_LANGUAGE_STANDARD = gnu99;
				GCC_WARN_64_TO_32_BIT_CONVERSION = YES;
				GCC_WARN_ABOUT_RETURN_TYPE = YES_ERROR;
				GCC_WARN_UNDECLARED_SELECTOR = YES;
				GCC_WARN_UNINITIALIZED_AUTOS = YES_AGGRESSIVE;
				GCC_WARN_UNUSED_FUNCTION = YES;
				GCC_WARN_UNUSED_VARIABLE = YES;
				IPHONEOS_DEPLOYMENT_TARGET = 7.1;
				SDKROOT = iphoneos;
				TARGETED_DEVICE_FAMILY = "1,2";
				VALIDATE_PRODUCT = YES;
			};
			name = Release;
		};
		186AA3531962A437004E0B37 /* Debug */ = {
			isa = XCBuildConfiguration;
			buildSettings = {
				ASSETCATALOG_COMPILER_APPICON_NAME = AppIcon;
				ASSETCATALOG_COMPILER_LAUNCHIMAGE_NAME = LaunchImage;
				GCC_PRECOMPILE_PREFIX_HEADER = YES;
				GCC_PREFIX_HEADER = "Quartz2DDrawDemo/Quartz2DDrawDemo-Prefix.pch";
				INFOPLIST_FILE = "Quartz2DDrawDemo/Quartz2DDrawDemo-Info.plist";
				PRODUCT_NAME = "$(TARGET_NAME)";
				WRAPPER_EXTENSION = app;
			};
			name = Debug;
		};
		186AA3541962A437004E0B37 /* Release */ = {
			isa = XCBuildConfiguration;
			buildSettings = {
				ASSETCATALOG_COMPILER_APPICON_NAME = AppIcon;
				ASSETCATALOG_COMPILER_LAUNCHIMAGE_NAME = LaunchImage;
				GCC_PRECOMPILE_PREFIX_HEADER = YES;
				GCC_PREFIX_HEADER = "Quartz2DDrawDemo/Quartz2DDrawDemo-Prefix.pch";
				INFOPLIST_FILE = "Quartz2DDrawDemo/Quartz2DDrawDemo-Info.plist";
				PRODUCT_NAME = "$(TARGET_NAME)";
				WRAPPER_EXTENSION = app;
			};
			name = Release;
		};
		186AA3561962A437004E0B37 /* Debug */ = {
			isa = XCBuildConfiguration;
			buildSettings = {
				BUNDLE_LOADER = "$(BUILT_PRODUCTS_DIR)/Quartz2DDrawDemo.app/Quartz2DDrawDemo";
				FRAMEWORK_SEARCH_PATHS = (
					"$(SDKROOT)/Developer/Library/Frameworks",
					"$(inherited)",
					"$(DEVELOPER_FRAMEWORKS_DIR)",
				);
				GCC_PRECOMPILE_PREFIX_HEADER = YES;
				GCC_PREFIX_HEADER = "Quartz2DDrawDemo/Quartz2DDrawDemo-Prefix.pch";
				GCC_PREPROCESSOR_DEFINITIONS = (
					"DEBUG=1",
					"$(inherited)",
				);
				INFOPLIST_FILE = "Quartz2DDrawDemoTests/Quartz2DDrawDemoTests-Info.plist";
				PRODUCT_NAME = "$(TARGET_NAME)";
				TEST_HOST = "$(BUNDLE_LOADER)";
				WRAPPER_EXTENSION = xctest;
			};
			name = Debug;
		};
		186AA3571962A437004E0B37 /* Release */ = {
			isa = XCBuildConfiguration;
			buildSettings = {
				BUNDLE_LOADER = "$(BUILT_PRODUCTS_DIR)/Quartz2DDrawDemo.app/Quartz2DDrawDemo";
				FRAMEWORK_SEARCH_PATHS = (
					"$(SDKROOT)/Developer/Library/Frameworks",
					"$(inherited)",
					"$(DEVELOPER_FRAMEWORKS_DIR)",
				);
				GCC_PRECOMPILE_PREFIX_HEADER = YES;
				GCC_PREFIX_HEADER = "Quartz2DDrawDemo/Quartz2DDrawDemo-Prefix.pch";
				INFOPLIST_FILE = "Quartz2DDrawDemoTests/Quartz2DDrawDemoTests-Info.plist";
				PRODUCT_NAME = "$(TARGET_NAME)";
				TEST_HOST = "$(BUNDLE_LOADER)";
				WRAPPER_EXTENSION = xctest;
			};
			name = Release;
		};
/* End XCBuildConfiguration section */

/* Begin XCConfigurationList section */
		186AA3181962A436004E0B37 /* Build configuration list for PBXProject "Quartz2DDrawDemo" */ = {
			isa = XCConfigurationList;
			buildConfigurations = (
				186AA3501962A437004E0B37 /* Debug */,
				186AA3511962A437004E0B37 /* Release */,
			);
			defaultConfigurationIsVisible = 0;
			defaultConfigurationName = Release;
		};
		186AA3521962A437004E0B37 /* Build configuration list for PBXNativeTarget "Quartz2DDrawDemo" */ = {
			isa = XCConfigurationList;
			buildConfigurations = (
				186AA3531962A437004E0B37 /* Debug */,
				186AA3541962A437004E0B37 /* Release */,
			);
			defaultConfigurationIsVisible = 0;
			defaultConfigurationName = Release;
		};
		186AA3551962A437004E0B37 /* Build configuration list for PBXNativeTarget "Quartz2DDrawDemoTests" */ = {
			isa = XCConfigurationList;
			buildConfigurations = (
				186AA3561962A437004E0B37 /* Debug */,
				186AA3571962A437004E0B37 /* Release */,
			);
			defaultConfigurationIsVisible = 0;
			defaultConfigurationName = Release;
		};
/* End XCConfigurationList section */
	};
	rootObject = 186AA3151962A436004E0B37 /* Project object */;
}
